// !$*UTF8*$!
{
	archiveVersion = 1;
	classes = {
	};
	objectVersion = 77;
	objects = {

/* Begin PBXContainerItemProxy section */
		B38EAA3B2DBD9751006FE5F9 /* PBXContainerItemProxy */ = {
			isa = PBXContainerItemProxy;
			containerPortal = B38EAA252DBD974F006FE5F9 /* Project object */;
			proxyType = 1;
			remoteGlobalIDString = B38EAA2C2DBD974F006FE5F9;
			remoteInfo = Gnome;
		};
		B38EAA452DBD9751006FE5F9 /* PBXContainerItemProxy */ = {
			isa = PBXContainerItemProxy;
			containerPortal = B38EAA252DBD974F006FE5F9 /* Project object */;
			proxyType = 1;
			remoteGlobalIDString = B38EAA2C2DBD974F006FE5F9;
			remoteInfo = Gnome;
		};
/* End PBXContainerItemProxy section */

/* Begin PBXFileReference section */
		B38EAA2D2DBD974F006FE5F9 /* Gnome.app */ = {isa = PBXFileReference; explicitFileType = wrapper.application; includeInIndex = 0; path = Gnome.app; sourceTree = BUILT_PRODUCTS_DIR; };
		B38EAA3A2DBD9751006FE5F9 /* GnomeTests.xctest */ = {isa = PBXFileReference; explicitFileType = wrapper.cfbundle; includeInIndex = 0; path = GnomeTests.xctest; sourceTree = BUILT_PRODUCTS_DIR; };
		B38EAA442DBD9751006FE5F9 /* GnomeUITests.xctest */ = {isa = PBXFileReference; explicitFileType = wrapper.cfbundle; includeInIndex = 0; path = GnomeUITests.xctest; sourceTree = BUILT_PRODUCTS_DIR; };
/* End PBXFileReference section */

/* Begin PBXFileSystemSynchronizedRootGroup section */
		B38EAA2F2DBD974F006FE5F9 /* Gnome */ = {
			isa = PBXFileSystemSynchronizedRootGroup;
			path = Gnome;
			sourceTree = "<group>";
		};
		B38EAA3D2DBD9751006FE5F9 /* GnomeTests */ = {
			isa = PBXFileSystemSynchronizedRootGroup;
			path = GnomeTests;
			sourceTree = "<group>";
		};
		B38EAA472DBD9751006FE5F9 /* GnomeUITests */ = {
			isa = PBXFileSystemSynchronizedRootGroup;
			path = GnomeUITests;
			sourceTree = "<group>";
		};
/* End PBXFileSystemSynchronizedRootGroup section */

/* Begin PBXFrameworksBuildPhase section */
		B38EAA2A2DBD974F006FE5F9 /* Frameworks */ = {
			isa = PBXFrameworksBuildPhase;
			buildActionMask = 2147483647;
			files = (
			);
			runOnlyForDeploymentPostprocessing = 0;
		};
		B38EAA372DBD9751006FE5F9 /* Frameworks */ = {
			isa = PBXFrameworksBuildPhase;
			buildActionMask = 2147483647;
			files = (
			);
			runOnlyForDeploymentPostprocessing = 0;
		};
		B38EAA412DBD9751006FE5F9 /* Frameworks */ = {
			isa = PBXFrameworksBuildPhase;
			buildActionMask = 2147483647;
			files = (
			);
			runOnlyForDeploymentPostprocessing = 0;
		};
/* End PBXFrameworksBuildPhase section */

/* Begin PBXGroup section */
		B38EAA242DBD974F006FE5F9 = {
			isa = PBXGroup;
			children = (
				B38EAA2F2DBD974F006FE5F9 /* Gnome */,
				B38EAA3D2DBD9751006FE5F9 /* GnomeTests */,
				B38EAA472DBD9751006FE5F9 /* GnomeUITests */,
				B38EAA2E2DBD974F006FE5F9 /* Products */,
			);
			sourceTree = "<group>";
		};
		B38EAA2E2DBD974F006FE5F9 /* Products */ = {
			isa = PBXGroup;
			children = (
				B38EAA2D2DBD974F006FE5F9 /* Gnome.app */,
				B38EAA3A2DBD9751006FE5F9 /* GnomeTests.xctest */,
				B38EAA442DBD9751006FE5F9 /* GnomeUITests.xctest */,
			);
			name = Products;
			sourceTree = "<group>";
		};
/* End PBXGroup section */

/* Begin PBXNativeTarget section */
		B38EAA2C2DBD974F006FE5F9 /* Gnome */ = {
			isa = PBXNativeTarget;
			buildConfigurationList = B38EAA4E2DBD9751006FE5F9 /* Build configuration list for PBXNativeTarget "Gnome" */;
			buildPhases = (
				B38EAA292DBD974F006FE5F9 /* Sources */,
				B38EAA2A2DBD974F006FE5F9 /* Frameworks */,
				B38EAA2B2DBD974F006FE5F9 /* Resources */,
			);
			buildRules = (
			);
			dependencies = (
			);
			fileSystemSynchronizedGroups = (
				B38EAA2F2DBD974F006FE5F9 /* Gnome */,
			);
			name = Gnome;
			packageProductDependencies = (
			);
			productName = Gnome;
			productReference = B38EAA2D2DBD974F006FE5F9 /* Gnome.app */;
			productType = "com.apple.product-type.application";
		};
		B38EAA392DBD9751006FE5F9 /* GnomeTests */ = {
			isa = PBXNativeTarget;
			buildConfigurationList = B38EAA512DBD9751006FE5F9 /* Build configuration list for PBXNativeTarget "GnomeTests" */;
			buildPhases = (
				B38EAA362DBD9751006FE5F9 /* Sources */,
				B38EAA372DBD9751006FE5F9 /* Frameworks */,
				B38EAA382DBD9751006FE5F9 /* Resources */,
			);
			buildRules = (
			);
			dependencies = (
				B38EAA3C2DBD9751006FE5F9 /* PBXTargetDependency */,
			);
			fileSystemSynchronizedGroups = (
				B38EAA3D2DBD9751006FE5F9 /* GnomeTests */,
			);
			name = GnomeTests;
			packageProductDependencies = (
			);
			productName = GnomeTests;
			productReference = B38EAA3A2DBD9751006FE5F9 /* GnomeTests.xctest */;
			productType = "com.apple.product-type.bundle.unit-test";
		};
		B38EAA432DBD9751006FE5F9 /* GnomeUITests */ = {
			isa = PBXNativeTarget;
			buildConfigurationList = B38EAA542DBD9751006FE5F9 /* Build configuration list for PBXNativeTarget "GnomeUITests" */;
			buildPhases = (
				B38EAA402DBD9751006FE5F9 /* Sources */,
				B38EAA412DBD9751006FE5F9 /* Frameworks */,
				B38EAA422DBD9751006FE5F9 /* Resources */,
			);
			buildRules = (
			);
			dependencies = (
				B38EAA462DBD9751006FE5F9 /* PBXTargetDependency */,
			);
			fileSystemSynchronizedGroups = (
				B38EAA472DBD9751006FE5F9 /* GnomeUITests */,
			);
			name = GnomeUITests;
			packageProductDependencies = (
			);
			productName = GnomeUITests;
			productReference = B38EAA442DBD9751006FE5F9 /* GnomeUITests.xctest */;
			productType = "com.apple.product-type.bundle.ui-testing";
		};
/* End PBXNativeTarget section */

/* Begin PBXProject section */
		B38EAA252DBD974F006FE5F9 /* Project object */ = {
			isa = PBXProject;
			attributes = {
				BuildIndependentTargetsInParallel = 1;
				LastSwiftUpdateCheck = 1630;
				LastUpgradeCheck = 1630;
				TargetAttributes = {
					B38EAA2C2DBD974F006FE5F9 = {
						CreatedOnToolsVersion = 16.3;
					};
					B38EAA392DBD9751006FE5F9 = {
						CreatedOnToolsVersion = 16.3;
						TestTargetID = B38EAA2C2DBD974F006FE5F9;
					};
					B38EAA432DBD9751006FE5F9 = {
						CreatedOnToolsVersion = 16.3;
						TestTargetID = B38EAA2C2DBD974F006FE5F9;
					};
				};
			};
			buildConfigurationList = B38EAA282DBD974F006FE5F9 /* Build configuration list for PBXProject "Gnome" */;
			developmentRegion = en;
			hasScannedForEncodings = 0;
			knownRegions = (
				en,
				Base,
			);
			mainGroup = B38EAA242DBD974F006FE5F9;
			minimizedProjectReferenceProxies = 1;
			preferredProjectObjectVersion = 77;
			productRefGroup = B38EAA2E2DBD974F006FE5F9 /* Products */;
			projectDirPath = "";
			projectRoot = "";
			targets = (
				B38EAA2C2DBD974F006FE5F9 /* Gnome */,
				B38EAA392DBD9751006FE5F9 /* GnomeTests */,
				B38EAA432DBD9751006FE5F9 /* GnomeUITests */,
			);
		};
/* End PBXProject section */

/* Begin PBXResourcesBuildPhase section */
		B38EAA2B2DBD974F006FE5F9 /* Resources */ = {
			isa = PBXResourcesBuildPhase;
			buildActionMask = 2147483647;
			files = (
			);
			runOnlyForDeploymentPostprocessing = 0;
		};
		B38EAA382DBD9751006FE5F9 /* Resources */ = {
			isa = PBXResourcesBuildPhase;
			buildActionMask = 2147483647;
			files = (
			);
			runOnlyForDeploymentPostprocessing = 0;
		};
		B38EAA422DBD9751006FE5F9 /* Resources */ = {
			isa = PBXResourcesBuildPhase;
			buildActionMask = 2147483647;
			files = (
			);
			runOnlyForDeploymentPostprocessing = 0;
		};
/* End PBXResourcesBuildPhase section */

/* Begin PBXSourcesBuildPhase section */
		B38EAA292DBD974F006FE5F9 /* Sources */ = {
			isa = PBXSourcesBuildPhase;
			buildActionMask = 2147483647;
			files = (
			);
			runOnlyForDeploymentPostprocessing = 0;
		};
		B38EAA362DBD9751006FE5F9 /* Sources */ = {
			isa = PBXSourcesBuildPhase;
			buildActionMask = 2147483647;
			files = (
			);
			runOnlyForDeploymentPostprocessing = 0;
		};
		B38EAA402DBD9751006FE5F9 /* Sources */ = {
			isa = PBXSourcesBuildPhase;
			buildActionMask = 2147483647;
			files = (
			);
			runOnlyForDeploymentPostprocessing = 0;
		};
/* End PBXSourcesBuildPhase section */

/* Begin PBXTargetDependency section */
		B38EAA3C2DBD9751006FE5F9 /* PBXTargetDependency */ = {
			isa = PBXTargetDependency;
			target = B38EAA2C2DBD974F006FE5F9 /* Gnome */;
			targetProxy = B38EAA3B2DBD9751006FE5F9 /* PBXContainerItemProxy */;
		};
		B38EAA462DBD9751006FE5F9 /* PBXTargetDependency */ = {
			isa = PBXTargetDependency;
			target = B38EAA2C2DBD974F006FE5F9 /* Gnome */;
			targetProxy = B38EAA452DBD9751006FE5F9 /* PBXContainerItemProxy */;
		};
/* End PBXTargetDependency section */

/* Begin XCBuildConfiguration section */
		B38EAA4C2DBD9751006FE5F9 /* Debug */ = {
			isa = XCBuildConfiguration;
			buildSettings = {
				ALWAYS_SEARCH_USER_PATHS = NO;
				ASSETCATALOG_COMPILER_GENERATE_SWIFT_ASSET_SYMBOL_EXTENSIONS = YES;
				CLANG_ANALYZER_NONNULL = YES;
				CLANG_ANALYZER_NUMBER_OBJECT_CONVERSION = YES_AGGRESSIVE;
				CLANG_CXX_LANGUAGE_STANDARD = "gnu++20";
				CLANG_ENABLE_MODULES = YES;
				CLANG_ENABLE_OBJC_ARC = YES;
				CLANG_ENABLE_OBJC_WEAK = YES;
				CLANG_WARN_BLOCK_CAPTURE_AUTORELEASING = YES;
				CLANG_WARN_BOOL_CONVERSION = YES;
				CLANG_WARN_COMMA = YES;
				CLANG_WARN_CONSTANT_CONVERSION = YES;
				CLANG_WARN_DEPRECATED_OBJC_IMPLEMENTATIONS = YES;
				CLANG_WARN_DIRECT_OBJC_ISA_USAGE = YES_ERROR;
				CLANG_WARN_DOCUMENTATION_COMMENTS = YES;
				CLANG_WARN_EMPTY_BODY = YES;
				CLANG_WARN_ENUM_CONVERSION = YES;
				CLANG_WARN_INFINITE_RECURSION = YES;
				CLANG_WARN_INT_CONVERSION = YES;
				CLANG_WARN_NON_LITERAL_NULL_CONVERSION = YES;
				CLANG_WARN_OBJC_IMPLICIT_RETAIN_SELF = YES;
				CLANG_WARN_OBJC_LITERAL_CONVERSION = YES;
				CLANG_WARN_OBJC_ROOT_CLASS = YES_ERROR;
				CLANG_WARN_QUOTED_INCLUDE_IN_FRAMEWORK_HEADER = YES;
				CLANG_WARN_RANGE_LOOP_ANALYSIS = YES;
				CLANG_WARN_STRICT_PROTOTYPES = YES;
				CLANG_WARN_SUSPICIOUS_MOVE = YES;
				CLANG_WARN_UNGUARDED_AVAILABILITY = YES_AGGRESSIVE;
				CLANG_WARN_UNREACHABLE_CODE = YES;
				CLANG_WARN__DUPLICATE_METHOD_MATCH = YES;
				COPY_PHASE_STRIP = NO;
				DEBUG_INFORMATION_FORMAT = dwarf;
				DEVELOPMENT_TEAM = DJX9247S8Q;
				ENABLE_STRICT_OBJC_MSGSEND = YES;
				ENABLE_TESTABILITY = YES;
				ENABLE_USER_SCRIPT_SANDBOXING = YES;
				GCC_C_LANGUAGE_STANDARD = gnu17;
				GCC_DYNAMIC_NO_PIC = NO;
				GCC_NO_COMMON_BLOCKS = YES;
				GCC_OPTIMIZATION_LEVEL = 0;
				GCC_PREPROCESSOR_DEFINITIONS = (
					"DEBUG=1",
					"$(inherited)",
				);
				GCC_WARN_64_TO_32_BIT_CONVERSION = YES;
				GCC_WARN_ABOUT_RETURN_TYPE = YES_ERROR;
				GCC_WARN_UNDECLARED_SELECTOR = YES;
				GCC_WARN_UNINITIALIZED_AUTOS = YES_AGGRESSIVE;
				GCC_WARN_UNUSED_FUNCTION = YES;
				GCC_WARN_UNUSED_VARIABLE = YES;
				IPHONEOS_DEPLOYMENT_TARGET = 18.4;
				LOCALIZATION_PREFERS_STRING_CATALOGS = YES;
				MTL_ENABLE_DEBUG_INFO = INCLUDE_SOURCE;
				MTL_FAST_MATH = YES;
				ONLY_ACTIVE_ARCH = YES;
				SDKROOT = iphoneos;
				SWIFT_ACTIVE_COMPILATION_CONDITIONS = "DEBUG $(inherited)";
				SWIFT_OPTIMIZATION_LEVEL = "-Onone";
			};
			name = Debug;
		};
		B38EAA4D2DBD9751006FE5F9 /* Release */ = {
			isa = XCBuildConfiguration;
			buildSettings = {
				ALWAYS_SEARCH_USER_PATHS = NO;
				ASSETCATALOG_COMPILER_GENERATE_SWIFT_ASSET_SYMBOL_EXTENSIONS = YES;
				CLANG_ANALYZER_NONNULL = YES;
				CLANG_ANALYZER_NUMBER_OBJECT_CONVERSION = YES_AGGRESSIVE;
				CLANG_CXX_LANGUAGE_STANDARD = "gnu++20";
				CLANG_ENABLE_MODULES = YES;
				CLANG_ENABLE_OBJC_ARC = YES;
				CLANG_ENABLE_OBJC_WEAK = YES;
				CLANG_WARN_BLOCK_CAPTURE_AUTORELEASING = YES;
				CLANG_WARN_BOOL_CONVERSION = YES;
				CLANG_WARN_COMMA = YES;
				CLANG_WARN_CONSTANT_CONVERSION = YES;
				CLANG_WARN_DEPRECATED_OBJC_IMPLEMENTATIONS = YES;
				CLANG_WARN_DIRECT_OBJC_ISA_USAGE = YES_ERROR;
				CLANG_WARN_DOCUMENTATION_COMMENTS = YES;
				CLANG_WARN_EMPTY_BODY = YES;
				CLANG_WARN_ENUM_CONVERSION = YES;
				CLANG_WARN_INFINITE_RECURSION = YES;
				CLANG_WARN_INT_CONVERSION = YES;
				CLANG_WARN_NON_LITERAL_NULL_CONVERSION = YES;
				CLANG_WARN_OBJC_IMPLICIT_RETAIN_SELF = YES;
				CLANG_WARN_OBJC_LITERAL_CONVERSION = YES;
				CLANG_WARN_OBJC_ROOT_CLASS = YES_ERROR;
				CLANG_WARN_QUOTED_INCLUDE_IN_FRAMEWORK_HEADER = YES;
				CLANG_WARN_RANGE_LOOP_ANALYSIS = YES;
				CLANG_WARN_STRICT_PROTOTYPES = YES;
				CLANG_WARN_SUSPICIOUS_MOVE = YES;
				CLANG_WARN_UNGUARDED_AVAILABILITY = YES_AGGRESSIVE;
				CLANG_WARN_UNREACHABLE_CODE = YES;
				CLANG_WARN__DUPLICATE_METHOD_MATCH = YES;
				COPY_PHASE_STRIP = NO;
				DEBUG_INFORMATION_FORMAT = "dwarf-with-dsym";
				DEVELOPMENT_TEAM = DJX9247S8Q;
				ENABLE_NS_ASSERTIONS = NO;
				ENABLE_STRICT_OBJC_MSGSEND = YES;
				ENABLE_USER_SCRIPT_SANDBOXING = YES;
				GCC_C_LANGUAGE_STANDARD = gnu17;
				GCC_NO_COMMON_BLOCKS = YES;
				GCC_WARN_64_TO_32_BIT_CONVERSION = YES;
				GCC_WARN_ABOUT_RETURN_TYPE = YES_ERROR;
				GCC_WARN_UNDECLARED_SELECTOR = YES;
				GCC_WARN_UNINITIALIZED_AUTOS = YES_AGGRESSIVE;
				GCC_WARN_UNUSED_FUNCTION = YES;
				GCC_WARN_UNUSED_VARIABLE = YES;
				IPHONEOS_DEPLOYMENT_TARGET = 18.4;
				LOCALIZATION_PREFERS_STRING_CATALOGS = YES;
				MTL_ENABLE_DEBUG_INFO = NO;
				MTL_FAST_MATH = YES;
				SDKROOT = iphoneos;
				SWIFT_COMPILATION_MODE = wholemodule;
				VALIDATE_PRODUCT = YES;
			};
			name = Release;
		};
		B38EAA4F2DBD9751006FE5F9 /* Debug */ = {
			isa = XCBuildConfiguration;
			buildSettings = {
				ASSETCATALOG_COMPILER_APPICON_NAME = AppIcon;
				ASSETCATALOG_COMPILER_GLOBAL_ACCENT_COLOR_NAME = AccentColor;
				CODE_SIGN_STYLE = Automatic;
				CURRENT_PROJECT_VERSION = 1;
				DEVELOPMENT_TEAM = DJX9247S8Q;
				ENABLE_PREVIEWS = YES;
				GENERATE_INFOPLIST_FILE = YES;
				INFOPLIST_KEY_LSApplicationCategoryType = "public.app-category.music";
				INFOPLIST_KEY_UIApplicationSceneManifest_Generation = YES;
				INFOPLIST_KEY_UIApplicationSupportsIndirectInputEvents = YES;
				INFOPLIST_KEY_UILaunchScreen_Generation = YES;
				INFOPLIST_KEY_UISupportedInterfaceOrientations_iPad = "UIInterfaceOrientationPortrait UIInterfaceOrientationPortraitUpsideDown UIInterfaceOrientationLandscapeLeft UIInterfaceOrientationLandscapeRight";
				INFOPLIST_KEY_UISupportedInterfaceOrientations_iPhone = "UIInterfaceOrientationPortrait UIInterfaceOrientationLandscapeLeft UIInterfaceOrientationLandscapeRight";
				LD_RUNPATH_SEARCH_PATHS = (
					"$(inherited)",
					"@executable_path/Frameworks",
				);
				MARKETING_VERSION = 0.0.4;
				PRODUCT_BUNDLE_IDENTIFIER = org.kalefamily.connor.Gnome;
				PRODUCT_NAME = "$(TARGET_NAME)";
				SWIFT_EMIT_LOC_STRINGS = YES;
				SWIFT_VERSION = 5.0;
				TARGETED_DEVICE_FAMILY = "1,2";
			};
			name = Debug;
		};
		B38EAA502DBD9751006FE5F9 /* Release */ = {
			isa = XCBuildConfiguration;
			buildSettings = {
				ASSETCATALOG_COMPILER_APPICON_NAME = AppIcon;
				ASSETCATALOG_COMPILER_GLOBAL_ACCENT_COLOR_NAME = AccentColor;
				CODE_SIGN_STYLE = Automatic;
				CURRENT_PROJECT_VERSION = 1;
				DEVELOPMENT_TEAM = DJX9247S8Q;
				ENABLE_PREVIEWS = YES;
				GENERATE_INFOPLIST_FILE = YES;
				INFOPLIST_KEY_LSApplicationCategoryType = "public.app-category.music";
				INFOPLIST_KEY_UIApplicationSceneManifest_Generation = YES;
				INFOPLIST_KEY_UIApplicationSupportsIndirectInputEvents = YES;
				INFOPLIST_KEY_UILaunchScreen_Generation = YES;
				INFOPLIST_KEY_UISupportedInterfaceOrientations_iPad = "UIInterfaceOrientationPortrait UIInterfaceOrientationPortraitUpsideDown UIInterfaceOrientationLandscapeLeft UIInterfaceOrientationLandscapeRight";
				INFOPLIST_KEY_UISupportedInterfaceOrientations_iPhone = "UIInterfaceOrientationPortrait UIInterfaceOrientationLandscapeLeft UIInterfaceOrientationLandscapeRight";
				LD_RUNPATH_SEARCH_PATHS = (
					"$(inherited)",
					"@executable_path/Frameworks",
				);
				MARKETING_VERSION = 0.0.4;
				PRODUCT_BUNDLE_IDENTIFIER = org.kalefamily.connor.Gnome;
				PRODUCT_NAME = "$(TARGET_NAME)";
				SWIFT_EMIT_LOC_STRINGS = YES;
				SWIFT_VERSION = 5.0;
				TARGETED_DEVICE_FAMILY = "1,2";
			};
			name = Release;
		};
		B38EAA522DBD9751006FE5F9 /* Debug */ = {
			isa = XCBuildConfiguration;
			buildSettings = {
				BUNDLE_LOADER = "$(TEST_HOST)";
				CODE_SIGN_STYLE = Automatic;
				CURRENT_PROJECT_VERSION = 1;
				DEVELOPMENT_TEAM = DJX9247S8Q;
				GENERATE_INFOPLIST_FILE = YES;
				IPHONEOS_DEPLOYMENT_TARGET = 18.4;
				MARKETING_VERSION = 1.0;
				PRODUCT_BUNDLE_IDENTIFIER = org.kalefamily.connor.GnomeTests;
				PRODUCT_NAME = "$(TARGET_NAME)";
				SWIFT_EMIT_LOC_STRINGS = NO;
				SWIFT_VERSION = 5.0;
				TARGETED_DEVICE_FAMILY = "1,2";
				TEST_HOST = "$(BUILT_PRODUCTS_DIR)/Gnome.app/$(BUNDLE_EXECUTABLE_FOLDER_PATH)/Gnome";
			};
			name = Debug;
		};
		B38EAA532DBD9751006FE5F9 /* Release */ = {
			isa = XCBuildConfiguration;
			buildSettings = {
				BUNDLE_LOADER = "$(TEST_HOST)";
				CODE_SIGN_STYLE = Automatic;
				CURRENT_PROJECT_VERSION = 1;
				DEVELOPMENT_TEAM = DJX9247S8Q;
				GENERATE_INFOPLIST_FILE = YES;
				IPHONEOS_DEPLOYMENT_TARGET = 18.4;
				MARKETING_VERSION = 1.0;
				PRODUCT_BUNDLE_IDENTIFIER = org.kalefamily.connor.GnomeTests;
				PRODUCT_NAME = "$(TARGET_NAME)";
				SWIFT_EMIT_LOC_STRINGS = NO;
				SWIFT_VERSION = 5.0;
				TARGETED_DEVICE_FAMILY = "1,2";
				TEST_HOST = "$(BUILT_PRODUCTS_DIR)/Gnome.app/$(BUNDLE_EXECUTABLE_FOLDER_PATH)/Gnome";
			};
			name = Release;
		};
		B38EAA552DBD9751006FE5F9 /* Debug */ = {
			isa = XCBuildConfiguration;
			buildSettings = {
				CODE_SIGN_STYLE = Automatic;
				CURRENT_PROJECT_VERSION = 1;
				DEVELOPMENT_TEAM = DJX9247S8Q;
				GENERATE_INFOPLIST_FILE = YES;
				MARKETING_VERSION = 1.0;
				PRODUCT_BUNDLE_IDENTIFIER = org.kalefamily.connor.GnomeUITests;
				PRODUCT_NAME = "$(TARGET_NAME)";
				SWIFT_EMIT_LOC_STRINGS = NO;
				SWIFT_VERSION = 5.0;
				TARGETED_DEVICE_FAMILY = "1,2";
				TEST_TARGET_NAME = Gnome;
			};
			name = Debug;
		};
		B38EAA562DBD9751006FE5F9 /* Release */ = {
			isa = XCBuildConfiguration;
			buildSettings = {
				CODE_SIGN_STYLE = Automatic;
				CURRENT_PROJECT_VERSION = 1;
				DEVELOPMENT_TEAM = DJX9247S8Q;
				GENERATE_INFOPLIST_FILE = YES;
				MARKETING_VERSION = 1.0;
				PRODUCT_BUNDLE_IDENTIFIER = org.kalefamily.connor.GnomeUITests;
				PRODUCT_NAME = "$(TARGET_NAME)";
				SWIFT_EMIT_LOC_STRINGS = NO;
				SWIFT_VERSION = 5.0;
				TARGETED_DEVICE_FAMILY = "1,2";
				TEST_TARGET_NAME = Gnome;
			};
			name = Release;
		};
/* End XCBuildConfiguration section */

/* Begin XCConfigurationList section */
		B38EAA282DBD974F006FE5F9 /* Build configuration list for PBXProject "Gnome" */ = {
			isa = XCConfigurationList;
			buildConfigurations = (
				B38EAA4C2DBD9751006FE5F9 /* Debug */,
				B38EAA4D2DBD9751006FE5F9 /* Release */,
			);
			defaultConfigurationIsVisible = 0;
			defaultConfigurationName = Release;
		};
		B38EAA4E2DBD9751006FE5F9 /* Build configuration list for PBXNativeTarget "Gnome" */ = {
			isa = XCConfigurationList;
			buildConfigurations = (
				B38EAA4F2DBD9751006FE5F9 /* Debug */,
				B38EAA502DBD9751006FE5F9 /* Release */,
			);
			defaultConfigurationIsVisible = 0;
			defaultConfigurationName = Release;
		};
		B38EAA512DBD9751006FE5F9 /* Build configuration list for PBXNativeTarget "GnomeTests" */ = {
			isa = XCConfigurationList;
			buildConfigurations = (
				B38EAA522DBD9751006FE5F9 /* Debug */,
				B38EAA532DBD9751006FE5F9 /* Release */,
			);
			defaultConfigurationIsVisible = 0;
			defaultConfigurationName = Release;
		};
		B38EAA542DBD9751006FE5F9 /* Build configuration list for PBXNativeTarget "GnomeUITests" */ = {
			isa = XCConfigurationList;
			buildConfigurations = (
				B38EAA552DBD9751006FE5F9 /* Debug */,
				B38EAA562DBD9751006FE5F9 /* Release */,
			);
			defaultConfigurationIsVisible = 0;
			defaultConfigurationName = Release;
		};
/* End XCConfigurationList section */
	};
	rootObject = B38EAA252DBD974F006FE5F9 /* Project object */;
}
